
Microsoft Visual Studio Solution File, Format Version 12.00
# Visual Studio 2012
Project("{FAE04EC0-301F-11D3-BF4B-00C04F79EFBC}") = "PCUK", "PCUK\PCUK.csproj", "{4BC6BC41-0C35-44F3-91CE-E2CE5A3BF6C3}"
EndProject
Global
	GlobalSection(SolutionConfigurationPlatforms) = preSolution
		Debug|Any CPU = Debug|Any CPU
		Release|Any CPU = Release|Any CPU
	EndGlobalSection
	GlobalSection(ProjectConfigurationPlatforms) = postSolution
		{4BC6BC41-0C35-44F3-91CE-E2CE5A3BF6C3}.Debug|Any CPU.ActiveCfg = Debug|Any CPU
		{4BC6BC41-0C35-44F3-91CE-E2CE5A3BF6C3}.Debug|Any CPU.Build.0 = Debug|Any CPU
		{4BC6BC41-0C35-44F3-91CE-E2CE5A3BF6C3}.Release|Any CPU.ActiveCfg = Release|Any CPU
		{4BC6BC41-0C35-44F3-91CE-E2CE5A3BF6C3}.Release|Any CPU.Build.0 = Release|Any CPU
	EndGlobalSection
	GlobalSection(SolutionProperties) = preSolution
		HideSolutionNode = FALSE
	EndGlobalSection
EndGlobal
